// !$*UTF8*$!
{
	archiveVersion = 1;
	classes = {
	};
	objectVersion = 56;
	objects = {

/* Begin PBXBuildFile section */
		1A1A1A1A1A1A1A1A1A1A1A1A /* StatusbarCalendarApp.swift in Sources */ = {isa = PBXBuildFile; fileRef = 2A2A2A2A2A2A2A2A2A2A2A2A /* StatusbarCalendarApp.swift */; };
		1A1A1A1A1A1A1A1A1A1A1A1B /* ClockManager.swift in Sources */ = {isa = PBXBuildFile; fileRef = 2A2A2A2A2A2A2A2A2A2A2A2B /* ClockManager.swift */; };
		1A1A1A1A1A1A1A1A1A1A1A1C /* MenuBarView.swift in Sources */ = {isa = PBXBuildFile; fileRef = 2A2A2A2A2A2A2A2A2A2A2A2C /* MenuBarView.swift */; };
		1A1A1A1A1A1A1A1A1A1A1A1D /* SettingsView.swift in Sources */ = {isa = PBXBuildFile; fileRef = 2A2A2A2A2A2A2A2A2A2A2A2D /* SettingsView.swift */; };
		1A1A1A1A1A1A1A1A1A1A1A1E /* LunarCalendar.swift in Sources */ = {isa = PBXBuildFile; fileRef = 2A2A2A2A2A2A2A2A2A2A2A2E /* LunarCalendar.swift */; };
		1A1A1A1A1A1A1A1A1A1A1A1F /* DayStatus.swift in Sources */ = {isa = PBXBuildFile; fileRef = 2A2A2A2A2A2A2A2A2A2A2A2F /* DayStatus.swift */; };
		1A1A1A1A1A1A1A1A1A1A1A20 /* CalendarManager.swift in Sources */ = {isa = PBXBuildFile; fileRef = 2A2A2A2A2A2A2A2A2A2A2A20 /* CalendarManager.swift */; };
		1A1A1A1A1A1A1A1A1A1A1A21 /* DayCell.swift in Sources */ = {isa = PBXBuildFile; fileRef = 2A2A2A2A2A2A2A2A2A2A2A21 /* DayCell.swift */; };
		1A1A1A1A1A1A1A1A1A1A1A22 /* CalendarGridView.swift in Sources */ = {isa = PBXBuildFile; fileRef = 2A2A2A2A2A2A2A2A2A2A2A22 /* CalendarGridView.swift */; };
		1A1A1A1A1A1A1A1A1A1A1A23 /* Assets.xcassets in Resources */ = {isa = PBXBuildFile; fileRef = 2A2A2A2A2A2A2A2A2A2A2A23 /* Assets.xcassets */; };
/* End PBXBuildFile section */

/* Begin PBXFileReference section */
		0A0A0A0A0A0A0A0A0A0A0A0A /* StatusbarCalendar.app */ = {isa = PBXFileReference; explicitFileType = wrapper.application; includeInIndex = 0; path = StatusbarCalendar.app; sourceTree = BUILT_PRODUCTS_DIR; };
		2A2A2A2A2A2A2A2A2A2A2A20 /* CalendarManager.swift */ = {isa = PBXFileReference; lastKnownFileType = sourcecode.swift; path = CalendarManager.swift; sourceTree = "<group>"; };
		2A2A2A2A2A2A2A2A2A2A2A21 /* DayCell.swift */ = {isa = PBXFileReference; lastKnownFileType = sourcecode.swift; path = DayCell.swift; sourceTree = "<group>"; };
		2A2A2A2A2A2A2A2A2A2A2A22 /* CalendarGridView.swift */ = {isa = PBXFileReference; lastKnownFileType = sourcecode.swift; path = CalendarGridView.swift; sourceTree = "<group>"; };
		2A2A2A2A2A2A2A2A2A2A2A23 /* Assets.xcassets */ = {isa = PBXFileReference; lastKnownFileType = folder.assetcatalog; path = Assets.xcassets; sourceTree = "<group>"; };
		2A2A2A2A2A2A2A2A2A2A2A24 /* Info.plist */ = {isa = PBXFileReference; lastKnownFileType = text.plist.xml; path = Info.plist; sourceTree = "<group>"; };
		2A2A2A2A2A2A2A2A2A2A2A2A /* StatusbarCalendarApp.swift */ = {isa = PBXFileReference; lastKnownFileType = sourcecode.swift; path = StatusbarCalendarApp.swift; sourceTree = "<group>"; };
		2A2A2A2A2A2A2A2A2A2A2A2B /* ClockManager.swift */ = {isa = PBXFileReference; lastKnownFileType = sourcecode.swift; path = ClockManager.swift; sourceTree = "<group>"; };
		2A2A2A2A2A2A2A2A2A2A2A2C /* MenuBarView.swift */ = {isa = PBXFileReference; lastKnownFileType = sourcecode.swift; path = MenuBarView.swift; sourceTree = "<group>"; };
		2A2A2A2A2A2A2A2A2A2A2A2D /* SettingsView.swift */ = {isa = PBXFileReference; lastKnownFileType = sourcecode.swift; path = SettingsView.swift; sourceTree = "<group>"; };
		2A2A2A2A2A2A2A2A2A2A2A2E /* LunarCalendar.swift */ = {isa = PBXFileReference; lastKnownFileType = sourcecode.swift; path = LunarCalendar.swift; sourceTree = "<group>"; };
		2A2A2A2A2A2A2A2A2A2A2A2F /* DayStatus.swift */ = {isa = PBXFileReference; lastKnownFileType = sourcecode.swift; path = DayStatus.swift; sourceTree = "<group>"; };
/* End PBXFileReference section */

/* Begin PBXFrameworksBuildPhase section */
		3A3A3A3A3A3A3A3A3A3A3A3A /* Frameworks */ = {
			isa = PBXFrameworksBuildPhase;
			buildActionMask = 2147483647;
			files = (
			);
			runOnlyForDeploymentPostprocessing = 0;
		};
/* End PBXFrameworksBuildPhase section */

/* Begin PBXGroup section */
		4A4A4A4A4A4A4A4A4A4A4A4A = {
			isa = PBXGroup;
			children = (
				5A5A5A5A5A5A5A5A5A5A5A5A /* StatusbarCalendar */,
				6A6A6A6A6A6A6A6A6A6A6A6A /* Products */,
			);
			sourceTree = "<group>";
		};
		5A5A5A5A5A5A5A5A5A5A5A5A /* StatusbarCalendar */ = {
			isa = PBXGroup;
			children = (
				2A2A2A2A2A2A2A2A2A2A2A2A /* StatusbarCalendarApp.swift */,
				2A2A2A2A2A2A2A2A2A2A2A2B /* ClockManager.swift */,
				2A2A2A2A2A2A2A2A2A2A2A20 /* CalendarManager.swift */,
				2A2A2A2A2A2A2A2A2A2A2A2E /* LunarCalendar.swift */,
				2A2A2A2A2A2A2A2A2A2A2A2F /* DayStatus.swift */,
				2A2A2A2A2A2A2A2A2A2A2A2C /* MenuBarView.swift */,
				2A2A2A2A2A2A2A2A2A2A2A22 /* CalendarGridView.swift */,
				2A2A2A2A2A2A2A2A2A2A2A21 /* DayCell.swift */,
				2A2A2A2A2A2A2A2A2A2A2A2D /* SettingsView.swift */,
				2A2A2A2A2A2A2A2A2A2A2A23 /* Assets.xcassets */,
				2A2A2A2A2A2A2A2A2A2A2A24 /* Info.plist */,
			);
			path = StatusbarCalendar;
			sourceTree = "<group>";
		};
		6A6A6A6A6A6A6A6A6A6A6A6A /* Products */ = {
			isa = PBXGroup;
			children = (
				0A0A0A0A0A0A0A0A0A0A0A0A /* StatusbarCalendar.app */,
			);
			name = Products;
			sourceTree = "<group>";
		};
/* End PBXGroup section */

/* Begin PBXNativeTarget section */
		7A7A7A7A7A7A7A7A7A7A7A7A /* StatusbarCalendar */ = {
			isa = PBXNativeTarget;
			buildConfigurationList = 8A8A8A8A8A8A8A8A8A8A8A8A /* Build configuration list for PBXNativeTarget "StatusbarCalendar" */;
			buildPhases = (
				9A9A9A9A9A9A9A9A9A9A9A9A /* Sources */,
				3A3A3A3A3A3A3A3A3A3A3A3A /* Frameworks */,
				AAAAAAAAAAAAAAAAAAAAAAA /* Resources */,
			);
			buildRules = (
			);
			dependencies = (
			);
			name = StatusbarCalendar;
			productName = StatusbarCalendar;
			productReference = 0A0A0A0A0A0A0A0A0A0A0A0A /* StatusbarCalendar.app */;
			productType = "com.apple.product-type.application";
		};
/* End PBXNativeTarget section */

/* Begin PBXProject section */
		BABABABABABABABABABABABA /* Project object */ = {
			isa = PBXProject;
			attributes = {
				BuildIndependentTargetsInParallel = 1;
				LastSwiftUpdateCheck = 1540;
				LastUpgradeCheck = 1540;
				TargetAttributes = {
					7A7A7A7A7A7A7A7A7A7A7A7A = {
						CreatedOnToolsVersion = 15.4;
					};
				};
			};
			buildConfigurationList = CACACACACACACACACACACACA /* Build configuration list for PBXProject "StatusbarCalendar" */;
			compatibilityVersion = "Xcode 14.0";
			developmentRegion = en;
			hasScannedForEncodings = 0;
			knownRegions = (
				en,
				Base,
			);
			mainGroup = 4A4A4A4A4A4A4A4A4A4A4A4A;
			productRefGroup = 6A6A6A6A6A6A6A6A6A6A6A6A /* Products */;
			projectDirPath = "";
			projectRoot = "";
			targets = (
				7A7A7A7A7A7A7A7A7A7A7A7A /* StatusbarCalendar */,
			);
		};
/* End PBXProject section */

/* Begin PBXResourcesBuildPhase section */
		AAAAAAAAAAAAAAAAAAAAAAA /* Resources */ = {
			isa = PBXResourcesBuildPhase;
			buildActionMask = 2147483647;
			files = (
				1A1A1A1A1A1A1A1A1A1A1A23 /* Assets.xcassets in Resources */,
			);
			runOnlyForDeploymentPostprocessing = 0;
		};
/* End PBXResourcesBuildPhase section */

/* Begin PBXSourcesBuildPhase section */
		9A9A9A9A9A9A9A9A9A9A9A9A /* Sources */ = {
			isa = PBXSourcesBuildPhase;
			buildActionMask = 2147483647;
			files = (
				1A1A1A1A1A1A1A1A1A1A1A1A /* StatusbarCalendarApp.swift in Sources */,
				1A1A1A1A1A1A1A1A1A1A1A1B /* ClockManager.swift in Sources */,
				1A1A1A1A1A1A1A1A1A1A1A20 /* CalendarManager.swift in Sources */,
				1A1A1A1A1A1A1A1A1A1A1A1E /* LunarCalendar.swift in Sources */,
				1A1A1A1A1A1A1A1A1A1A1A1F /* DayStatus.swift in Sources */,
				1A1A1A1A1A1A1A1A1A1A1A1C /* MenuBarView.swift in Sources */,
				1A1A1A1A1A1A1A1A1A1A1A22 /* CalendarGridView.swift in Sources */,
				1A1A1A1A1A1A1A1A1A1A1A21 /* DayCell.swift in Sources */,
				1A1A1A1A1A1A1A1A1A1A1A1D /* SettingsView.swift in Sources */,
			);
			runOnlyForDeploymentPostprocessing = 0;
		};
/* End PBXSourcesBuildPhase section */

/* Begin XCBuildConfiguration section */
		DADADADADADADADADADADADA /* Debug */ = {
			isa = XCBuildConfiguration;
			buildSettings = {
				ALWAYS_SEARCH_USER_PATHS = NO;
				ASSETCATALOG_COMPILER_GENERATE_SWIFT_ASSET_SYMBOL_EXTENSIONS = YES;
				CLANG_ANALYZER_NONNULL = YES;
				CLANG_ANALYZER_NUMBER_OBJECT_CONVERSION = YES_AGGRESSIVE;
				CLANG_CXX_LANGUAGE_STANDARD = "gnu++20";
				CLANG_ENABLE_MODULES = YES;
				CLANG_ENABLE_OBJC_ARC = YES;
				CLANG_ENABLE_OBJC_WEAK = YES;
				CLANG_WARN_BLOCK_CAPTURE_AUTORELEASING = YES;
				CLANG_WARN_BOOL_CONVERSION = YES;
				CLANG_WARN_COMMA = YES;
				CLANG_WARN_CONSTANT_CONVERSION = YES;
				CLANG_WARN_DEPRECATED_OBJC_IMPLEMENTATIONS = YES;
				CLANG_WARN_DIRECT_OBJC_ISA_USAGE = YES_ERROR;
				CLANG_WARN_DOCUMENTATION_COMMENTS = YES;
				CLANG_WARN_EMPTY_BODY = YES;
				CLANG_WARN_ENUM_CONVERSION = YES;
				CLANG_WARN_INFINITE_RECURSION = YES;
				CLANG_WARN_INT_CONVERSION = YES;
				CLANG_WARN_NON_LITERAL_NULL_CONVERSION = YES;
				CLANG_WARN_OBJC_IMPLICIT_RETAIN_SELF = YES;
				CLANG_WARN_OBJC_LITERAL_CONVERSION = YES;
				CLANG_WARN_OBJC_ROOT_CLASS = YES_ERROR;
				CLANG_WARN_QUOTED_INCLUDE_IN_FRAMEWORK_HEADER = YES;
				CLANG_WARN_RANGE_LOOP_ANALYSIS = YES;
				CLANG_WARN_STRICT_PROTOTYPES = YES;
				CLANG_WARN_SUSPICIOUS_MOVE = YES;
				CLANG_WARN_UNGUARDED_AVAILABILITY = YES_AGGRESSIVE;
				CLANG_WARN_UNREACHABLE_CODE = YES;
				CLANG_WARN__DUPLICATE_METHOD_MATCH = YES;
				COPY_PHASE_STRIP = NO;
				DEBUG_INFORMATION_FORMAT = dwarf;
				ENABLE_STRICT_OBJC_MSGSEND = YES;
				ENABLE_TESTABILITY = YES;
				ENABLE_USER_SCRIPT_SANDBOXING = YES;
				GCC_C_LANGUAGE_STANDARD = gnu17;
				GCC_DYNAMIC_NO_PIC = NO;
				GCC_NO_COMMON_BLOCKS = YES;
				GCC_OPTIMIZATION_LEVEL = 0;
				GCC_PREPROCESSOR_DEFINITIONS = (
					"DEBUG=1",
					"$(inherited)",
				);
				GCC_WARN_64_TO_32_BIT_CONVERSION = YES;
				GCC_WARN_ABOUT_RETURN_TYPE = YES_ERROR;
				GCC_WARN_UNDECLARED_SELECTOR = YES;
				GCC_WARN_UNINITIALIZED_AUTOS = YES_AGGRESSIVE;
				GCC_WARN_UNUSED_FUNCTION = YES;
				GCC_WARN_UNUSED_VARIABLE = YES;
				LOCALIZATION_PREFERS_STRING_CATALOGS = YES;
				MACOSX_DEPLOYMENT_TARGET = 14.0;
				MTL_ENABLE_DEBUG_INFO = INCLUDE_SOURCE;
				MTL_FAST_MATH = YES;
				ONLY_ACTIVE_ARCH = YES;
				SDKROOT = macosx;
				SWIFT_ACTIVE_COMPILATION_CONDITIONS = "DEBUG $(inherited)";
				SWIFT_OPTIMIZATION_LEVEL = "-Onone";
				SWIFT_VERSION = 6.0;
			};
			name = Debug;
		};
		EAEAEAEAEAEAEAEAEAEAEAEA /* Release */ = {
			isa = XCBuildConfiguration;
			buildSettings = {
				ALWAYS_SEARCH_USER_PATHS = NO;
				ASSETCATALOG_COMPILER_GENERATE_SWIFT_ASSET_SYMBOL_EXTENSIONS = YES;
				CLANG_ANALYZER_NONNULL = YES;
				CLANG_ANALYZER_NUMBER_OBJECT_CONVERSION = YES_AGGRESSIVE;
				CLANG_CXX_LANGUAGE_STANDARD = "gnu++20";
				CLANG_ENABLE_MODULES = YES;
				CLANG_ENABLE_OBJC_ARC = YES;
				CLANG_ENABLE_OBJC_WEAK = YES;
				CLANG_WARN_BLOCK_CAPTURE_AUTORELEASING = YES;
				CLANG_WARN_BOOL_CONVERSION = YES;
				CLANG_WARN_COMMA = YES;
				CLANG_WARN_CONSTANT_CONVERSION = YES;
				CLANG_WARN_DEPRECATED_OBJC_IMPLEMENTATIONS = YES;
				CLANG_WARN_DIRECT_OBJC_ISA_USAGE = YES_ERROR;
				CLANG_WARN_DOCUMENTATION_COMMENTS = YES;
				CLANG_WARN_EMPTY_BODY = YES;
				CLANG_WARN_ENUM_CONVERSION = YES;
				CLANG_WARN_INFINITE_RECURSION = YES;
				CLANG_WARN_INT_CONVERSION = YES;
				CLANG_WARN_NON_LITERAL_NULL_CONVERSION = YES;
				CLANG_WARN_OBJC_IMPLICIT_RETAIN_SELF = YES;
				CLANG_WARN_OBJC_LITERAL_CONVERSION = YES;
				CLANG_WARN_OBJC_ROOT_CLASS = YES_ERROR;
				CLANG_WARN_QUOTED_INCLUDE_IN_FRAMEWORK_HEADER = YES;
				CLANG_WARN_RANGE_LOOP_ANALYSIS = YES;
				CLANG_WARN_STRICT_PROTOTYPES = YES;
				CLANG_WARN_SUSPICIOUS_MOVE = YES;
				CLANG_WARN_UNGUARDED_AVAILABILITY = YES_AGGRESSIVE;
				CLANG_WARN_UNREACHABLE_CODE = YES;
				CLANG_WARN__DUPLICATE_METHOD_MATCH = YES;
				COPY_PHASE_STRIP = NO;
				DEBUG_INFORMATION_FORMAT = "dwarf-with-dsym";
				ENABLE_NS_ASSERTIONS = NO;
				ENABLE_STRICT_OBJC_MSGSEND = YES;
				ENABLE_USER_SCRIPT_SANDBOXING = YES;
				GCC_C_LANGUAGE_STANDARD = gnu17;
				GCC_NO_COMMON_BLOCKS = YES;
				GCC_WARN_64_TO_32_BIT_CONVERSION = YES;
				GCC_WARN_ABOUT_RETURN_TYPE = YES_ERROR;
				GCC_WARN_UNDECLARED_SELECTOR = YES;
				GCC_WARN_UNINITIALIZED_AUTOS = YES_AGGRESSIVE;
				GCC_WARN_UNUSED_FUNCTION = YES;
				GCC_WARN_UNUSED_VARIABLE = YES;
				LOCALIZATION_PREFERS_STRING_CATALOGS = YES;
				MACOSX_DEPLOYMENT_TARGET = 14.0;
				MTL_ENABLE_DEBUG_INFO = NO;
				MTL_FAST_MATH = YES;
				SDKROOT = macosx;
				SWIFT_COMPILATION_MODE = wholemodule;
				SWIFT_VERSION = 6.0;
			};
			name = Release;
		};
		FAFAFAFAFAFAFAFAFAFAFAFA /* Debug */ = {
			isa = XCBuildConfiguration;
			buildSettings = {
				ASSETCATALOG_COMPILER_APPICON_NAME = AppIcon;
				ASSETCATALOG_COMPILER_GLOBAL_ACCENT_COLOR_NAME = AccentColor;
				CODE_SIGN_IDENTITY = "-";
				CODE_SIGN_STYLE = Automatic;
				COMBINE_HIDPI_IMAGES = YES;
				CURRENT_PROJECT_VERSION = 1;
				DEVELOPMENT_TEAM = "";
				ENABLE_HARDENED_RUNTIME = YES;
				ENABLE_PREVIEWS = YES;
				GENERATE_INFOPLIST_FILE = NO;
				INFOPLIST_FILE = StatusbarCalendar/Info.plist;
				INFOPLIST_KEY_LSApplicationCategoryType = "public.app-category.utilities";
				INFOPLIST_KEY_LSUIElement = YES;
				INFOPLIST_KEY_NSHumanReadableCopyright = "Copyright © 2026. All rights reserved.";
				LD_RUNPATH_SEARCH_PATHS = (
					"$(inherited)",
					"@executable_path/../Frameworks",
				);
				MARKETING_VERSION = 1.0;
				PRODUCT_BUNDLE_IDENTIFIER = com.example.StatusbarCalendar;
				PRODUCT_NAME = "$(TARGET_NAME)";
				SWIFT_EMIT_LOC_STRINGS = YES;
				SWIFT_STRICT_CONCURRENCY = complete;
				SWIFT_VERSION = 6.0;
			};
			name = Debug;
		};
		FBFBFBFBFBFBFBFBFBFBFBFB /* Release */ = {
			isa = XCBuildConfiguration;
			buildSettings = {
				ASSETCATALOG_COMPILER_APPICON_NAME = AppIcon;
				ASSETCATALOG_COMPILER_GLOBAL_ACCENT_COLOR_NAME = AccentColor;
				CODE_SIGN_IDENTITY = "-";
				CODE_SIGN_STYLE = Automatic;
				COMBINE_HIDPI_IMAGES = YES;
				CURRENT_PROJECT_VERSION = 1;
				DEVELOPMENT_TEAM = "";
				ENABLE_HARDENED_RUNTIME = YES;
				ENABLE_PREVIEWS = YES;
				GENERATE_INFOPLIST_FILE = NO;
				INFOPLIST_FILE = StatusbarCalendar/Info.plist;
				INFOPLIST_KEY_LSApplicationCategoryType = "public.app-category.utilities";
				INFOPLIST_KEY_LSUIElement = YES;
				INFOPLIST_KEY_NSHumanReadableCopyright = "Copyright © 2026. All rights reserved.";
				LD_RUNPATH_SEARCH_PATHS = (
					"$(inherited)",
					"@executable_path/../Frameworks",
				);
				MARKETING_VERSION = 1.0;
				PRODUCT_BUNDLE_IDENTIFIER = com.example.StatusbarCalendar;
				PRODUCT_NAME = "$(TARGET_NAME)";
				SWIFT_EMIT_LOC_STRINGS = YES;
				SWIFT_STRICT_CONCURRENCY = complete;
				SWIFT_VERSION = 6.0;
			};
			name = Release;
		};
/* End XCBuildConfiguration section */

/* Begin XCConfigurationList section */
		8A8A8A8A8A8A8A8A8A8A8A8A /* Build configuration list for PBXNativeTarget "StatusbarCalendar" */ = {
			isa = XCConfigurationList;
			buildConfigurations = (
				FAFAFAFAFAFAFAFAFAFAFAFA /* Debug */,
				FBFBFBFBFBFBFBFBFBFBFBFB /* Release */,
			);
			defaultConfigurationIsVisible = 0;
			defaultConfigurationName = Release;
		};
		CACACACACACACACACACACACA /* Build configuration list for PBXProject "StatusbarCalendar" */ = {
			isa = XCConfigurationList;
			buildConfigurations = (
				DADADADADADADADADADADADA /* Debug */,
				EAEAEAEAEAEAEAEAEAEAEAEA /* Release */,
			);
			defaultConfigurationIsVisible = 0;
			defaultConfigurationName = Release;
		};
/* End XCConfigurationList section */
	};
	rootObject = BABABABABABABABABABABABA /* Project object */;
}
